
Microsoft Visual Studio Solution File, Format Version 12.00
# Visual Studio Version 16
VisualStudioVersion = 16.0.28803.452
MinimumVisualStudioVersion = 10.0.40219.1
Project("{FAE04EC0-301F-11D3-BF4B-00C04F79EFBC}") = "sjdawson.TruckSimulatorPlugin", "sjdawson.TruckSimulatorPlugin.csproj", "{833040C9-FE5E-4CCF-B21D-71979E049B6B}"
EndProject
Project("{2150E333-8FDC-42A3-9474-1A3956D46DE8}") = "Solution Items", "Solution Items", "{DE4138F2-ED76-4675-B216-F47144E9B27F}"
	ProjectSection(SolutionItems) = preProject
		README.md = README.md
		sjdawson.TruckSimulatorPlugin.nsi = sjdawson.TruckSimulatorPlugin.nsi
	EndProjectSection
EndProject
Global
	GlobalSection(SolutionConfigurationPlatforms) = preSolution
		Debug|Any CPU = Debug|Any CPU
		Release|Any CPU = Release|Any CPU
	EndGlobalSection
	GlobalSection(ProjectConfigurationPlatforms) = postSolution
		{833040C9-FE5E-4CCF-B21D-71979E049B6B}.Debug|Any CPU.ActiveCfg = Debug|Any CPU
		{833040C9-FE5E-4CCF-B21D-71979E049B6B}.Debug|Any CPU.Build.0 = Debug|Any CPU
		{833040C9-FE5E-4CCF-B21D-71979E049B6B}.Release|Any CPU.ActiveCfg = Release|Any CPU
		{833040C9-FE5E-4CCF-B21D-71979E049B6B}.Release|Any CPU.Build.0 = Release|Any CPU
	EndGlobalSection
	GlobalSection(SolutionProperties) = preSolution
		HideSolutionNode = FALSE
	EndGlobalSection
	GlobalSection(ExtensibilityGlobals) = postSolution
		SolutionGuid = {23E8E3DD-0297-4068-9D71-7010B83ADFD4}
	EndGlobalSection
EndGlobal
